
Microsoft Visual Studio Solution File, Format Version 12.00
# Visual Studio Version 16
VisualStudioVersion = 16.0.30225.117
MinimumVisualStudioVersion = 10.0.40219.1
Project("{FAE04EC0-301F-11D3-BF4B-00C04F79EFBC}") = "DTR", "DTR\DTR.csproj", "{91FAEB0E-1553-493F-A2AF-D851E57EA85A}"
EndProject
Project("{54435603-DBB4-11D2-8724-00A0C9A8B90C}") = "Setup1", "Setup1\Setup1.vdproj", "{103C7929-7F89-4D6B-A2F0-6A7159CD28F6}"
EndProject
Project("{54435603-DBB4-11D2-8724-00A0C9A8B90C}") = "Setup2", "Setup2\Setup2.vdproj", "{13320599-0723-400D-AF38-567F92C30207}"
EndProject
Global
	GlobalSection(SolutionConfigurationPlatforms) = preSolution
		Debug|Any CPU = Debug|Any CPU
		Release|Any CPU = Release|Any CPU
	EndGlobalSection
	GlobalSection(ProjectConfigurationPlatforms) = postSolution
		{91FAEB0E-1553-493F-A2AF-D851E57EA85A}.Debug|Any CPU.ActiveCfg = Debug|Any CPU
		{91FAEB0E-1553-493F-A2AF-D851E57EA85A}.Debug|Any CPU.Build.0 = Debug|Any CPU
		{91FAEB0E-1553-493F-A2AF-D851E57EA85A}.Release|Any CPU.ActiveCfg = Release|Any CPU
		{91FAEB0E-1553-493F-A2AF-D851E57EA85A}.Release|Any CPU.Build.0 = Release|Any CPU
		{103C7929-7F89-4D6B-A2F0-6A7159CD28F6}.Debug|Any CPU.ActiveCfg = Debug
		{103C7929-7F89-4D6B-A2F0-6A7159CD28F6}.Release|Any CPU.ActiveCfg = Release
		{13320599-0723-400D-AF38-567F92C30207}.Debug|Any CPU.ActiveCfg = Debug
		{13320599-0723-400D-AF38-567F92C30207}.Release|Any CPU.ActiveCfg = Release
	EndGlobalSection
	GlobalSection(SolutionProperties) = preSolution
		HideSolutionNode = FALSE
	EndGlobalSection
	GlobalSection(ExtensibilityGlobals) = postSolution
		SolutionGuid = {85CEB07C-FA39-4D80-85DF-B4781C8C6B81}
	EndGlobalSection
EndGlobal
